
Microsoft Visual Studio Solution File, Format Version 12.00
# Visual Studio 15
VisualStudioVersion = 15.0.27428.2043
MinimumVisualStudioVersion = 10.0.40219.1
Project("{00D1A9C2-B5F0-4AF3-8072-F6C62B433612}") = "Dip_Database_Deployment_Week8", "Dip_Database_Deployment_Week8\Dip_Database_Deployment_Week8.sqlproj", "{3F7A0CB3-0008-42DC-B887-C4C8040C0870}"
EndProject
Project("{FAE04EC0-301F-11D3-BF4B-00C04F79EFBC}") = "Dip_Database_Deployment_Week8_WebAPIcs", "Dip_Database_Deployment_Week8_WebAPIcs\Dip_Database_Deployment_Week8_WebAPIcs.csproj", "{28C709D8-4C23-4143-8920-F11C9DEBB5D4}"
EndProject
Global
	GlobalSection(SolutionConfigurationPlatforms) = preSolution
		Debug|Any CPU = Debug|Any CPU
		Release|Any CPU = Release|Any CPU
	EndGlobalSection
	GlobalSection(ProjectConfigurationPlatforms) = postSolution
		{3F7A0CB3-0008-42DC-B887-C4C8040C0870}.Debug|Any CPU.ActiveCfg = Debug|Any CPU
		{3F7A0CB3-0008-42DC-B887-C4C8040C0870}.Debug|Any CPU.Build.0 = Debug|Any CPU
		{3F7A0CB3-0008-42DC-B887-C4C8040C0870}.Debug|Any CPU.Deploy.0 = Debug|Any CPU
		{3F7A0CB3-0008-42DC-B887-C4C8040C0870}.Release|Any CPU.ActiveCfg = Release|Any CPU
		{3F7A0CB3-0008-42DC-B887-C4C8040C0870}.Release|Any CPU.Build.0 = Release|Any CPU
		{3F7A0CB3-0008-42DC-B887-C4C8040C0870}.Release|Any CPU.Deploy.0 = Release|Any CPU
		{28C709D8-4C23-4143-8920-F11C9DEBB5D4}.Debug|Any CPU.ActiveCfg = Debug|Any CPU
		{28C709D8-4C23-4143-8920-F11C9DEBB5D4}.Debug|Any CPU.Build.0 = Debug|Any CPU
		{28C709D8-4C23-4143-8920-F11C9DEBB5D4}.Release|Any CPU.ActiveCfg = Release|Any CPU
		{28C709D8-4C23-4143-8920-F11C9DEBB5D4}.Release|Any CPU.Build.0 = Release|Any CPU
	EndGlobalSection
	GlobalSection(SolutionProperties) = preSolution
		HideSolutionNode = FALSE
	EndGlobalSection
	GlobalSection(ExtensibilityGlobals) = postSolution
		SolutionGuid = {B965579F-A967-4E91-8D7C-AD8F2426B909}
	EndGlobalSection
EndGlobal
